hash: 8aeffb5e99a5007b52ba4e481432536671de7f91e9e0f2f3951461338266ffa7
updated: 2016-11-28T23:48:26.860941844-05:00
imports:
- name: code.cloudfoundry.org/cli
  version: 269814d4746c5f53ec1de5ecb9c5eb3c289c8750
  subpackages:
  - cf/configuration
  - cf/configuration/coreconfig
  - cf/formatters
  - cf/i18n
  - cf/models
  - cf/resources
- name: github.com/blang/semver
  version: 60ec3488bfea7cca02b021d106d9911120d25fe9
  repo: https://github.com/blang/semver
- name: github.com/golang/protobuf
  version: 874264fbbb43f4d91e999fecb4b40143ed611400
  repo: https://github.com/golang/protobuf
  subpackages:
  - proto
  - ptypes/any
- name: github.com/google/go-github
  version: 2ae0bbb4f91336db239c582fe96deb8e9e6d43df
  subpackages:
  - github
- name: github.com/google/go-querystring
  version: 9235644dd9e52eeae6fa48efd539fdc351a0af53
  repo: https://github.com/google/go-querystring
  subpackages:
  - query
- name: github.com/gorilla/context
  version: a8d44e7d8e4d532b6a27a02dd82abb31cc1b01bd
- name: github.com/gorilla/csrf
  version: 50eb875b7d37289a5819742f0d60fa5c890fced9
- name: github.com/gorilla/mux
  version: 0eeaf8392f5b04950925b8a69fe70f110fa7cbfc
- name: github.com/gorilla/schema
  version: 0164a00ab4cd01d814d8cd5bf63fd9fcea30e23b
- name: github.com/gorilla/securecookie
  version: 667fe4e3466a040b780561fe9b51a83a3753eefc
- name: github.com/gorilla/sessions
  version: ca9ada44574153444b00d3fd9c8559e4cc95f896
- name: github.com/kelseyhightower/envconfig
  version: 9aca109c9aec4633fced9717c4a09ecab3d33111
- name: github.com/nicksnyder/go-i18n
  version: 37e5c2de3e03e4b82693e3fcb4a6aa2cc4eb07e3
  repo: https://github.com/nicksnyder/go-i18n
  subpackages:
  - i18n
  - i18n/bundle
  - i18n/language
  - i18n/translation
- name: github.com/pkg/errors
  version: 248dadf4e9068a0b3e79f02ed0a610d935de5302
- name: golang.org/x/net
  version: 55a3084c9119aeb9ba2437d595b0a7e9cb635da9
  repo: https://go.googlesource.com/net
  subpackages:
  - context
  - websocket
- name: golang.org/x/oauth2
  version: e86e2718db89775a4604abc10a5d3a5672e7336e
  subpackages:
  - internal
- name: google.golang.org/appengine
  version: e234e71924d4aa52444bc76f2f831f13fa1eca60
  subpackages:
  - internal
  - internal/base
  - internal/datastore
  - internal/log
  - internal/remote_api
  - internal/urlfetch
  - urlfetch
- name: gopkg.in/yaml.v2
  version: a83829b6f1293c91addabc89d0571c246397bbf4
testImports: []
